github.com/aws/aws-lambda-go v1.40.0 h1:6dKcDpXsTpapfCFF6Debng6CiV/Z3sNHekM6bwhI2J0=
github.com/aws/aws-lambda-go v1.40.0/go.mod h1:jwFe2KmMsHmffA1X2R09hH6lFzJQxzI8qK17ewzbQMM=
github.com/davecgh/go-spew v1.1.0/go.mod h1:J7Y8YcW2NihsgmVo/mv3lAwl/skON4iLHjSsI+c5H38=
github.com/davecgh/go-spew v1.1.1 h1:vj9j/u1bqnvCEfJOwUhtlOARqs3+rkHYY13jYWTU97c=
github.com/davecgh/go-spew v1.1.1/go.mod h1:J7Y8YcW2NihsgmVo/mv3lAwl/skON4iLHjSsI+c5H38=
github.com/kklab-com/gone-httpheadername v0.0.0-20210329135429-db3f484c9117 h1:kZ4oeh1Rtavfk56c8khjv6EAb+ZG675dEJzUtMa/ZtU=
github.com/kklab-com/gone-httpheadername v0.0.0-20210329135429-db3f484c9117/go.mod h1:VKBiNBuaC3u6WWhpU0sndqfxZOOV3yZIxUeBlBxckNw=
github.com/kklab-com/gone-httpstatus v0.0.0-20210329135420-5f09bea125ca h1:duB106r0CtJe83ivvhN7wsntedehHE3S6FmejYvhAH8=
github.com/kklab-com/gone-httpstatus v0.0.0-20210329135420-5f09bea125ca/go.mod h1:/CQupWAKI9SZjdmc1dAEECtQZXnWn3+OukRtPdLe6eU=
github.com/kklab-com/goth-bytebuf v1.0.1 h1:ozcyL8fJ7EBlnMshepYTWOZbbf6icsrtiisEJACd9jo=
github.com/kklab-com/goth-bytebuf v1.0.1/go.mod h1:H14vt2RptXUFR/+TVGF1TQFra5CAdOUZRI3NEPvv/G4=
github.com/kklab-com/goth-erresponse v1.0.0 h1:xuISnShxXA+rgYwMPwVzj5DL0pMDbdXObtJOj9iAEqk=
github.com/kklab-com/goth-erresponse v1.0.0/go.mod h1:dicPvRSKG8bvUV9Z/GM/FLbLlUCm0a2NYoDkM/HbXHU=
github.com/kklab-com/goth-kkerror v0.0.0-20210329135318-f6c51d7cfc8c h1:3H690Rwgvhcfh4WEtWJXqmqutp0PcKSmCGYs4nWIOO8=
github.com/kklab-com/goth-kkerror v0.0.0-20210329135318-f6c51d7cfc8c/go.mod h1:KEgEJZV0UeXoKcEiqWjKovSYZU1D/94XXtsD7pZAr90=
github.com/pmezard/go-difflib v1.0.0 h1:4DBwDE0NGyQoBHbLQYPwSUPoCMWR5BEzIk/f1lZbAQM=
github.com/pmezard/go-difflib v1.0.0/go.mod h1:iKH77koFhYxTK1pcRnkKkqfTogsbg7gZNVY4sRDYZ/4=
github.com/stretchr/objx v0.1.0/go.mod h1:HFkY916IF+rwdDfMAkV7OtwuqBVzrE8GR6GFx+wExME=
github.com/stretchr/testify v1.7.2 h1:4jaiDzPyXQvSd7D0EjG45355tLlV3VOECpq10pLC+8s=
github.com/stretchr/testify v1.7.2/go.mod h1:R6va5+xMeoiuVRoj+gSkQ7d3FALtqAAGI1FQKckRals=
gopkg.in/check.v1 v0.0.0-20161208181325-20d25e280405 h1:yhCVgyC4o1eVCa2tZl7eS0r+SDo693bJlVdllGtEeKM=
gopkg.in/check.v1 v0.0.0-20161208181325-20d25e280405/go.mod h1:Co6ibVJAznAaIkqp8huTwlJQCZ016jof/cbN4VW5Yz0=
gopkg.in/yaml.v3 v3.0.1 h1:fxVm/GzAzEWqLHuvctI91KS9hhNmmWOoWu0XTYJS7CA=
gopkg.in/yaml.v3 v3.0.1/go.mod h1:K4uyk7z7BCEPqu6E+C64Yfv1cQ7kz7rIZviUmN+EgEM=
